#include <iostream>
using namespace std;

// Function to calculate the Greatest Common Divisor (GCD)
int gcd(int a, int b) {
    while (b != 0) {
        int temp = b;
        b = a % b;
        a = temp;
    }
    return a;
}

// Function to reduce the fraction
int reduce(int &num, int &denom) {
    // Check if either number is zero or negative
    if (num <= 0 || denom <= 0) {
        return 0; // Return 0 to indicate failure to reduce
    }

    int divisor = gcd(num, denom);

    // Divide both numerator and denominator by their GCD to reduce the fraction
    num /= divisor;
    denom /= divisor;

    return 1; // Return 1 to indicate success
}

int main() {
    int numerator = 8;
    int denominator = 12;

    // Call the reduce function
    if (reduce(numerator, denominator)) {
        cout << "The reduced fraction is: " << numerator << "/" << denominator << endl;
    } else {
        cout << "Invalid input. Numerator and denominator must be positive integers." << endl;
    }

    return 0;
}

